
Microsoft Visual Studio Solution File, Format Version 12.00
# Visual Studio Version 17
Project("{8BC9CEB8-8B4A-11D0-8D11-00A0C91BC942}") = "ALL_BUILD", "ALL_BUILD.vcxproj", "{FAA35005-4ED8-3F9A-A3B6-112BD95E7930}"
	ProjectSection(ProjectDependencies) = postProject
		{DDA89F51-CEDB-348F-9EB5-516CBDA46D0B} = {DDA89F51-CEDB-348F-9EB5-516CBDA46D0B}
		{CC27F1F9-A5EE-3B43-A9D0-A2C1ED1F99F2} = {CC27F1F9-A5EE-3B43-A9D0-A2C1ED1F99F2}
		{47237887-3E12-31CD-9137-04EE7AD2BCBA} = {47237887-3E12-31CD-9137-04EE7AD2BCBA}
		{C59D9522-31BA-367E-8012-A8D285542F6B} = {C59D9522-31BA-367E-8012-A8D285542F6B}
		{7F9A08F6-DA67-3A49-8C27-0742DA5D40AB} = {7F9A08F6-DA67-3A49-8C27-0742DA5D40AB}
	EndProjectSection
EndProject
Project("{8BC9CEB8-8B4A-11D0-8D11-00A0C91BC942}") = "ZERO_CHECK", "ZERO_CHECK.vcxproj", "{DDA89F51-CEDB-348F-9EB5-516CBDA46D0B}"
	ProjectSection(ProjectDependencies) = postProject
	EndProjectSection
EndProject
Project("{8BC9CEB8-8B4A-11D0-8D11-00A0C91BC942}") = "gtest", "gtest\gtest.vcxproj", "{CC27F1F9-A5EE-3B43-A9D0-A2C1ED1F99F2}"
	ProjectSection(ProjectDependencies) = postProject
		{DDA89F51-CEDB-348F-9EB5-516CBDA46D0B} = {DDA89F51-CEDB-348F-9EB5-516CBDA46D0B}
	EndProjectSection
EndProject
Project("{8BC9CEB8-8B4A-11D0-8D11-00A0C91BC942}") = "sample_prime_numbers", "samples\sample_prime_numbers.vcxproj", "{47237887-3E12-31CD-9137-04EE7AD2BCBA}"
	ProjectSection(ProjectDependencies) = postProject
		{DDA89F51-CEDB-348F-9EB5-516CBDA46D0B} = {DDA89F51-CEDB-348F-9EB5-516CBDA46D0B}
		{C59D9522-31BA-367E-8012-A8D285542F6B} = {C59D9522-31BA-367E-8012-A8D285542F6B}
	EndProjectSection
EndProject
Project("{8BC9CEB8-8B4A-11D0-8D11-00A0C91BC942}") = "set", "src\set.vcxproj", "{C59D9522-31BA-367E-8012-A8D285542F6B}"
	ProjectSection(ProjectDependencies) = postProject
		{DDA89F51-CEDB-348F-9EB5-516CBDA46D0B} = {DDA89F51-CEDB-348F-9EB5-516CBDA46D0B}
	EndProjectSection
EndProject
Project("{8BC9CEB8-8B4A-11D0-8D11-00A0C91BC942}") = "test_set", "test\test_set.vcxproj", "{7F9A08F6-DA67-3A49-8C27-0742DA5D40AB}"
	ProjectSection(ProjectDependencies) = postProject
		{DDA89F51-CEDB-348F-9EB5-516CBDA46D0B} = {DDA89F51-CEDB-348F-9EB5-516CBDA46D0B}
		{CC27F1F9-A5EE-3B43-A9D0-A2C1ED1F99F2} = {CC27F1F9-A5EE-3B43-A9D0-A2C1ED1F99F2}
		{C59D9522-31BA-367E-8012-A8D285542F6B} = {C59D9522-31BA-367E-8012-A8D285542F6B}
	EndProjectSection
EndProject
Global
	GlobalSection(SolutionConfigurationPlatforms) = preSolution
		Debug|x64 = Debug|x64
		Release|x64 = Release|x64
		MinSizeRel|x64 = MinSizeRel|x64
		RelWithDebInfo|x64 = RelWithDebInfo|x64
	EndGlobalSection
	GlobalSection(ProjectConfigurationPlatforms) = postSolution
		{FAA35005-4ED8-3F9A-A3B6-112BD95E7930}.Debug|x64.ActiveCfg = Debug|x64
		{FAA35005-4ED8-3F9A-A3B6-112BD95E7930}.Release|x64.ActiveCfg = Release|x64
		{FAA35005-4ED8-3F9A-A3B6-112BD95E7930}.MinSizeRel|x64.ActiveCfg = MinSizeRel|x64
		{FAA35005-4ED8-3F9A-A3B6-112BD95E7930}.RelWithDebInfo|x64.ActiveCfg = RelWithDebInfo|x64
		{DDA89F51-CEDB-348F-9EB5-516CBDA46D0B}.Debug|x64.ActiveCfg = Debug|x64
		{DDA89F51-CEDB-348F-9EB5-516CBDA46D0B}.Debug|x64.Build.0 = Debug|x64
		{DDA89F51-CEDB-348F-9EB5-516CBDA46D0B}.Release|x64.ActiveCfg = Release|x64
		{DDA89F51-CEDB-348F-9EB5-516CBDA46D0B}.Release|x64.Build.0 = Release|x64
		{DDA89F51-CEDB-348F-9EB5-516CBDA46D0B}.MinSizeRel|x64.ActiveCfg = MinSizeRel|x64
		{DDA89F51-CEDB-348F-9EB5-516CBDA46D0B}.MinSizeRel|x64.Build.0 = MinSizeRel|x64
		{DDA89F51-CEDB-348F-9EB5-516CBDA46D0B}.RelWithDebInfo|x64.ActiveCfg = RelWithDebInfo|x64
		{DDA89F51-CEDB-348F-9EB5-516CBDA46D0B}.RelWithDebInfo|x64.Build.0 = RelWithDebInfo|x64
		{CC27F1F9-A5EE-3B43-A9D0-A2C1ED1F99F2}.Debug|x64.ActiveCfg = Debug|x64
		{CC27F1F9-A5EE-3B43-A9D0-A2C1ED1F99F2}.Debug|x64.Build.0 = Debug|x64
		{CC27F1F9-A5EE-3B43-A9D0-A2C1ED1F99F2}.Release|x64.ActiveCfg = Release|x64
		{CC27F1F9-A5EE-3B43-A9D0-A2C1ED1F99F2}.Release|x64.Build.0 = Release|x64
		{CC27F1F9-A5EE-3B43-A9D0-A2C1ED1F99F2}.MinSizeRel|x64.ActiveCfg = MinSizeRel|x64
		{CC27F1F9-A5EE-3B43-A9D0-A2C1ED1F99F2}.MinSizeRel|x64.Build.0 = MinSizeRel|x64
		{CC27F1F9-A5EE-3B43-A9D0-A2C1ED1F99F2}.RelWithDebInfo|x64.ActiveCfg = RelWithDebInfo|x64
		{CC27F1F9-A5EE-3B43-A9D0-A2C1ED1F99F2}.RelWithDebInfo|x64.Build.0 = RelWithDebInfo|x64
		{47237887-3E12-31CD-9137-04EE7AD2BCBA}.Debug|x64.ActiveCfg = Debug|x64
		{47237887-3E12-31CD-9137-04EE7AD2BCBA}.Debug|x64.Build.0 = Debug|x64
		{47237887-3E12-31CD-9137-04EE7AD2BCBA}.Release|x64.ActiveCfg = Release|x64
		{47237887-3E12-31CD-9137-04EE7AD2BCBA}.Release|x64.Build.0 = Release|x64
		{47237887-3E12-31CD-9137-04EE7AD2BCBA}.MinSizeRel|x64.ActiveCfg = MinSizeRel|x64
		{47237887-3E12-31CD-9137-04EE7AD2BCBA}.MinSizeRel|x64.Build.0 = MinSizeRel|x64
		{47237887-3E12-31CD-9137-04EE7AD2BCBA}.RelWithDebInfo|x64.ActiveCfg = RelWithDebInfo|x64
		{47237887-3E12-31CD-9137-04EE7AD2BCBA}.RelWithDebInfo|x64.Build.0 = RelWithDebInfo|x64
		{C59D9522-31BA-367E-8012-A8D285542F6B}.Debug|x64.ActiveCfg = Debug|x64
		{C59D9522-31BA-367E-8012-A8D285542F6B}.Debug|x64.Build.0 = Debug|x64
		{C59D9522-31BA-367E-8012-A8D285542F6B}.Release|x64.ActiveCfg = Release|x64
		{C59D9522-31BA-367E-8012-A8D285542F6B}.Release|x64.Build.0 = Release|x64
		{C59D9522-31BA-367E-8012-A8D285542F6B}.MinSizeRel|x64.ActiveCfg = MinSizeRel|x64
		{C59D9522-31BA-367E-8012-A8D285542F6B}.MinSizeRel|x64.Build.0 = MinSizeRel|x64
		{C59D9522-31BA-367E-8012-A8D285542F6B}.RelWithDebInfo|x64.ActiveCfg = RelWithDebInfo|x64
		{C59D9522-31BA-367E-8012-A8D285542F6B}.RelWithDebInfo|x64.Build.0 = RelWithDebInfo|x64
		{7F9A08F6-DA67-3A49-8C27-0742DA5D40AB}.Debug|x64.ActiveCfg = Debug|x64
		{7F9A08F6-DA67-3A49-8C27-0742DA5D40AB}.Debug|x64.Build.0 = Debug|x64
		{7F9A08F6-DA67-3A49-8C27-0742DA5D40AB}.Release|x64.ActiveCfg = Release|x64
		{7F9A08F6-DA67-3A49-8C27-0742DA5D40AB}.Release|x64.Build.0 = Release|x64
		{7F9A08F6-DA67-3A49-8C27-0742DA5D40AB}.MinSizeRel|x64.ActiveCfg = MinSizeRel|x64
		{7F9A08F6-DA67-3A49-8C27-0742DA5D40AB}.MinSizeRel|x64.Build.0 = MinSizeRel|x64
		{7F9A08F6-DA67-3A49-8C27-0742DA5D40AB}.RelWithDebInfo|x64.ActiveCfg = RelWithDebInfo|x64
		{7F9A08F6-DA67-3A49-8C27-0742DA5D40AB}.RelWithDebInfo|x64.Build.0 = RelWithDebInfo|x64
	EndGlobalSection
	GlobalSection(ExtensibilityGlobals) = postSolution
		SolutionGuid = {2B4A9CB4-F18E-3E4C-A1D5-52EE9AFFCBC5}
	EndGlobalSection
	GlobalSection(ExtensibilityAddIns) = postSolution
	EndGlobalSection
EndGlobal
